
Microsoft Visual Studio Solution File, Format Version 12.00
# Visual Studio 15
VisualStudioVersion = 15.0.28307.902
MinimumVisualStudioVersion = 10.0.40219.1
Project("{FAE04EC0-301F-11D3-BF4B-00C04F79EFBC}") = "RetrieveProductsApi", "AzureApiManagement\RetrieveProductsApi.csproj", "{E6E5B68F-FCFF-48CE-AAC5-F9E7436DD275}"
EndProject
Project("{FAE04EC0-301F-11D3-BF4B-00C04F79EFBC}") = "DataAccessEntities", "DataAccessEntities\DataAccessEntities.csproj", "{88131396-8462-46D8-96FE-40C14E310587}"
EndProject
Project("{FAE04EC0-301F-11D3-BF4B-00C04F79EFBC}") = "UpdateProductsApi", "UpdateProductsApi\UpdateProductsApi.csproj", "{78FF4DCA-2AC2-4153-93E2-E2930FCCEA53}"
EndProject
Global
	GlobalSection(SolutionConfigurationPlatforms) = preSolution
		Debug|Any CPU = Debug|Any CPU
		Release|Any CPU = Release|Any CPU
	EndGlobalSection
	GlobalSection(ProjectConfigurationPlatforms) = postSolution
		{E6E5B68F-FCFF-48CE-AAC5-F9E7436DD275}.Debug|Any CPU.ActiveCfg = Debug|Any CPU
		{E6E5B68F-FCFF-48CE-AAC5-F9E7436DD275}.Debug|Any CPU.Build.0 = Debug|Any CPU
		{E6E5B68F-FCFF-48CE-AAC5-F9E7436DD275}.Release|Any CPU.ActiveCfg = Release|Any CPU
		{E6E5B68F-FCFF-48CE-AAC5-F9E7436DD275}.Release|Any CPU.Build.0 = Release|Any CPU
		{88131396-8462-46D8-96FE-40C14E310587}.Debug|Any CPU.ActiveCfg = Debug|Any CPU
		{88131396-8462-46D8-96FE-40C14E310587}.Debug|Any CPU.Build.0 = Debug|Any CPU
		{88131396-8462-46D8-96FE-40C14E310587}.Release|Any CPU.ActiveCfg = Release|Any CPU
		{88131396-8462-46D8-96FE-40C14E310587}.Release|Any CPU.Build.0 = Release|Any CPU
		{78FF4DCA-2AC2-4153-93E2-E2930FCCEA53}.Debug|Any CPU.ActiveCfg = Debug|Any CPU
		{78FF4DCA-2AC2-4153-93E2-E2930FCCEA53}.Debug|Any CPU.Build.0 = Debug|Any CPU
		{78FF4DCA-2AC2-4153-93E2-E2930FCCEA53}.Release|Any CPU.ActiveCfg = Release|Any CPU
		{78FF4DCA-2AC2-4153-93E2-E2930FCCEA53}.Release|Any CPU.Build.0 = Release|Any CPU
	EndGlobalSection
	GlobalSection(SolutionProperties) = preSolution
		HideSolutionNode = FALSE
	EndGlobalSection
	GlobalSection(ExtensibilityGlobals) = postSolution
		SolutionGuid = {203B5F9D-95C7-4DE1-8723-4278927C02F7}
	EndGlobalSection
EndGlobal
